
Microsoft Visual Studio Solution File, Format Version 12.00
# Visual Studio Version 17
VisualStudioVersion = 17.2.32526.322
MinimumVisualStudioVersion = 10.0.40219.1
Project("{9A19103F-16F7-4668-BE54-9A1E7A4F7556}") = "SVAutoHatch", "SVAutoHatch.csproj", "{C6B8BE30-0707-4CA5-BD62-4A5EC32D81E7}"
EndProject
Global
	GlobalSection(SolutionConfigurationPlatforms) = preSolution
		Debug|Any CPU = Debug|Any CPU
		Release|Any CPU = Release|Any CPU
	EndGlobalSection
	GlobalSection(ProjectConfigurationPlatforms) = postSolution
		{C6B8BE30-0707-4CA5-BD62-4A5EC32D81E7}.Debug|Any CPU.ActiveCfg = Debug|Any CPU
		{C6B8BE30-0707-4CA5-BD62-4A5EC32D81E7}.Debug|Any CPU.Build.0 = Debug|Any CPU
		{C6B8BE30-0707-4CA5-BD62-4A5EC32D81E7}.Release|Any CPU.ActiveCfg = Release|Any CPU
		{C6B8BE30-0707-4CA5-BD62-4A5EC32D81E7}.Release|Any CPU.Build.0 = Release|Any CPU
	EndGlobalSection
	GlobalSection(SolutionProperties) = preSolution
		HideSolutionNode = FALSE
	EndGlobalSection
	GlobalSection(ExtensibilityGlobals) = postSolution
		SolutionGuid = {8A2C0DDB-8A47-4EB4-B5C8-D7E614A91FFA}
	EndGlobalSection
EndGlobal
